
Microsoft Visual Studio Solution File, Format Version 12.00
# Visual Studio Version 17
VisualStudioVersion = 17.9.34714.143
MinimumVisualStudioVersion = 10.0.40219.1
Project("{FAE04EC0-301F-11D3-BF4B-00C04F79EFBC}") = "AppData", "AppData\AppData.csproj", "{F07E7E50-78A1-475D-823E-280BF4106428}"
EndProject
Project("{FAE04EC0-301F-11D3-BF4B-00C04F79EFBC}") = "AppAPI", "AppAPI\AppAPI.csproj", "{7E21BA56-B15A-4CAB-AAD7-6D34EED31ACA}"
EndProject
Project("{FAE04EC0-301F-11D3-BF4B-00C04F79EFBC}") = "AppView", "AppView\AppView.csproj", "{BE1850F9-F259-4F1E-8E47-77A9449E4192}"
EndProject
Global
	GlobalSection(SolutionConfigurationPlatforms) = preSolution
		Debug|Any CPU = Debug|Any CPU
		Release|Any CPU = Release|Any CPU
	EndGlobalSection
	GlobalSection(ProjectConfigurationPlatforms) = postSolution
		{F07E7E50-78A1-475D-823E-280BF4106428}.Debug|Any CPU.ActiveCfg = Debug|Any CPU
		{F07E7E50-78A1-475D-823E-280BF4106428}.Debug|Any CPU.Build.0 = Debug|Any CPU
		{F07E7E50-78A1-475D-823E-280BF4106428}.Release|Any CPU.ActiveCfg = Release|Any CPU
		{F07E7E50-78A1-475D-823E-280BF4106428}.Release|Any CPU.Build.0 = Release|Any CPU
		{7E21BA56-B15A-4CAB-AAD7-6D34EED31ACA}.Debug|Any CPU.ActiveCfg = Debug|Any CPU
		{7E21BA56-B15A-4CAB-AAD7-6D34EED31ACA}.Debug|Any CPU.Build.0 = Debug|Any CPU
		{7E21BA56-B15A-4CAB-AAD7-6D34EED31ACA}.Release|Any CPU.ActiveCfg = Release|Any CPU
		{7E21BA56-B15A-4CAB-AAD7-6D34EED31ACA}.Release|Any CPU.Build.0 = Release|Any CPU
		{BE1850F9-F259-4F1E-8E47-77A9449E4192}.Debug|Any CPU.ActiveCfg = Debug|Any CPU
		{BE1850F9-F259-4F1E-8E47-77A9449E4192}.Debug|Any CPU.Build.0 = Debug|Any CPU
		{BE1850F9-F259-4F1E-8E47-77A9449E4192}.Release|Any CPU.ActiveCfg = Release|Any CPU
		{BE1850F9-F259-4F1E-8E47-77A9449E4192}.Release|Any CPU.Build.0 = Release|Any CPU
	EndGlobalSection
	GlobalSection(SolutionProperties) = preSolution
		HideSolutionNode = FALSE
	EndGlobalSection
	GlobalSection(ExtensibilityGlobals) = postSolution
		SolutionGuid = {3C5EF8E7-1860-4FB1-B51F-E0170CD62561}
	EndGlobalSection
EndGlobal
